// !$*UTF8*$!
{
	archiveVersion = 1;
	classes = {
	};
	objectVersion = 50;
	objects = {

/* Begin PBXBuildFile section */
		E716274726ECE6A20051B61F /* CacheFeedUseCaseTests.swift in Sources */ = {isa = PBXBuildFile; fileRef = E716274626ECE6A20051B61F /* CacheFeedUseCaseTests.swift */; };
		E71D3D2326C577C900189843 /* EssentialFeed.framework in Frameworks */ = {isa = PBXBuildFile; fileRef = E71D3D1926C577C900189843 /* EssentialFeed.framework */; };
		E71D3D2A26C577C900189843 /* EssentialFeed.h in Headers */ = {isa = PBXBuildFile; fileRef = E71D3D1C26C577C900189843 /* EssentialFeed.h */; settings = {ATTRIBUTES = (Public, ); }; };
		E71D3D3626C577EB00189843 /* FeedItem.swift in Sources */ = {isa = PBXBuildFile; fileRef = E71D3D3526C577EB00189843 /* FeedItem.swift */; };
		E71D3D3A26C578A400189843 /* FeedLoader.swift in Sources */ = {isa = PBXBuildFile; fileRef = E71D3D3926C578A400189843 /* FeedLoader.swift */; };
		E72D05A326CD36B0002146D9 /* RemoteFeedLoader.swift in Sources */ = {isa = PBXBuildFile; fileRef = E72D05A226CD36B0002146D9 /* RemoteFeedLoader.swift */; };
		E737D9F326F104ED00F5DA09 /* RemoteFeedItem.swift in Sources */ = {isa = PBXBuildFile; fileRef = E737D9F226F104ED00F5DA09 /* RemoteFeedItem.swift */; };
		E7750BC926DE351A00A4184A /* XCTestCase+MemoryLeakTracking.swift in Sources */ = {isa = PBXBuildFile; fileRef = E7750BC826DE351A00A4184A /* XCTestCase+MemoryLeakTracking.swift */; };
		E7750BCF26DEABDB00A4184A /* URLSessionHTTPClient.swift in Sources */ = {isa = PBXBuildFile; fileRef = E7750BCE26DEABDB00A4184A /* URLSessionHTTPClient.swift */; };
		E7846EF526EF918F00C96A98 /* LocalFeedLoader.swift in Sources */ = {isa = PBXBuildFile; fileRef = E7846EF426EF918F00C96A98 /* LocalFeedLoader.swift */; };
		E7846EFA26EF924000C96A98 /* FeedStore.swift in Sources */ = {isa = PBXBuildFile; fileRef = E7846EF926EF924000C96A98 /* FeedStore.swift */; };
		E7B67A1826E1096B00B78007 /* EssentialFeedAPIEndToEndTests.swift in Sources */ = {isa = PBXBuildFile; fileRef = E7B67A1726E1096B00B78007 /* EssentialFeedAPIEndToEndTests.swift */; };
		E7B67A1A26E1096B00B78007 /* EssentialFeed.framework in Frameworks */ = {isa = PBXBuildFile; fileRef = E71D3D1926C577C900189843 /* EssentialFeed.framework */; };
		E7B67A2326E10FD800B78007 /* XCTestCase+MemoryLeakTracking.swift in Sources */ = {isa = PBXBuildFile; fileRef = E7750BC826DE351A00A4184A /* XCTestCase+MemoryLeakTracking.swift */; };
		E7C1CD0126D93A5700A02BB9 /* URLHTTPClientTests.swift in Sources */ = {isa = PBXBuildFile; fileRef = E7C1CD0026D93A5700A02BB9 /* URLHTTPClientTests.swift */; };
		E7F28B8326CA6F570076A9DF /* LoadFeedFromRemoteUseCaseTests.swift in Sources */ = {isa = PBXBuildFile; fileRef = E7F28B8226CA6F570076A9DF /* LoadFeedFromRemoteUseCaseTests.swift */; };
		E7FB79C026D59C7E00213A2A /* HTTPClient.swift in Sources */ = {isa = PBXBuildFile; fileRef = E7FB79BF26D59C7E00213A2A /* HTTPClient.swift */; };
		E7FB79C426D59CF700213A2A /* FeedItemsMapper.swift in Sources */ = {isa = PBXBuildFile; fileRef = E7FB79C326D59CF700213A2A /* FeedItemsMapper.swift */; };
/* End PBXBuildFile section */

/* Begin PBXContainerItemProxy section */
		E71D3D2426C577C900189843 /* PBXContainerItemProxy */ = {
			isa = PBXContainerItemProxy;
			containerPortal = E71D3D1026C577C800189843 /* Project object */;
			proxyType = 1;
			remoteGlobalIDString = E71D3D1826C577C900189843;
			remoteInfo = EssentialFeed;
		};
		E7B67A1B26E1096B00B78007 /* PBXContainerItemProxy */ = {
			isa = PBXContainerItemProxy;
			containerPortal = E71D3D1026C577C800189843 /* Project object */;
			proxyType = 1;
			remoteGlobalIDString = E71D3D1826C577C900189843;
			remoteInfo = EssentialFeed;
		};
/* End PBXContainerItemProxy section */

/* Begin PBXFileReference section */
		E716274626ECE6A20051B61F /* CacheFeedUseCaseTests.swift */ = {isa = PBXFileReference; lastKnownFileType = sourcecode.swift; path = CacheFeedUseCaseTests.swift; sourceTree = "<group>"; };
		E71D3D1926C577C900189843 /* EssentialFeed.framework */ = {isa = PBXFileReference; explicitFileType = wrapper.framework; includeInIndex = 0; path = EssentialFeed.framework; sourceTree = BUILT_PRODUCTS_DIR; };
		E71D3D1C26C577C900189843 /* EssentialFeed.h */ = {isa = PBXFileReference; lastKnownFileType = sourcecode.c.h; path = EssentialFeed.h; sourceTree = "<group>"; };
		E71D3D1D26C577C900189843 /* Info.plist */ = {isa = PBXFileReference; lastKnownFileType = text.plist.xml; path = Info.plist; sourceTree = "<group>"; };
		E71D3D2226C577C900189843 /* EssentialFeedTests.xctest */ = {isa = PBXFileReference; explicitFileType = wrapper.cfbundle; includeInIndex = 0; path = EssentialFeedTests.xctest; sourceTree = BUILT_PRODUCTS_DIR; };
		E71D3D2926C577C900189843 /* Info.plist */ = {isa = PBXFileReference; lastKnownFileType = text.plist.xml; path = Info.plist; sourceTree = "<group>"; };
		E71D3D3526C577EB00189843 /* FeedItem.swift */ = {isa = PBXFileReference; lastKnownFileType = sourcecode.swift; path = FeedItem.swift; sourceTree = "<group>"; };
		E71D3D3926C578A400189843 /* FeedLoader.swift */ = {isa = PBXFileReference; lastKnownFileType = sourcecode.swift; path = FeedLoader.swift; sourceTree = "<group>"; };
		E72D05A226CD36B0002146D9 /* RemoteFeedLoader.swift */ = {isa = PBXFileReference; lastKnownFileType = sourcecode.swift; path = RemoteFeedLoader.swift; sourceTree = "<group>"; };
		E737D9F226F104ED00F5DA09 /* RemoteFeedItem.swift */ = {isa = PBXFileReference; lastKnownFileType = sourcecode.swift; path = RemoteFeedItem.swift; sourceTree = "<group>"; };
		E7750BC826DE351A00A4184A /* XCTestCase+MemoryLeakTracking.swift */ = {isa = PBXFileReference; lastKnownFileType = sourcecode.swift; path = "XCTestCase+MemoryLeakTracking.swift"; sourceTree = "<group>"; };
		E7750BCE26DEABDB00A4184A /* URLSessionHTTPClient.swift */ = {isa = PBXFileReference; lastKnownFileType = sourcecode.swift; path = URLSessionHTTPClient.swift; sourceTree = "<group>"; };
		E7846EF426EF918F00C96A98 /* LocalFeedLoader.swift */ = {isa = PBXFileReference; lastKnownFileType = sourcecode.swift; path = LocalFeedLoader.swift; sourceTree = "<group>"; };
		E7846EF926EF924000C96A98 /* FeedStore.swift */ = {isa = PBXFileReference; lastKnownFileType = sourcecode.swift; path = FeedStore.swift; sourceTree = "<group>"; };
		E7B67A1526E1096B00B78007 /* EssentialFeedAPIEndToEndTests.xctest */ = {isa = PBXFileReference; explicitFileType = wrapper.cfbundle; includeInIndex = 0; path = EssentialFeedAPIEndToEndTests.xctest; sourceTree = BUILT_PRODUCTS_DIR; };
		E7B67A1726E1096B00B78007 /* EssentialFeedAPIEndToEndTests.swift */ = {isa = PBXFileReference; lastKnownFileType = sourcecode.swift; path = EssentialFeedAPIEndToEndTests.swift; sourceTree = "<group>"; };
		E7B67A1926E1096B00B78007 /* Info.plist */ = {isa = PBXFileReference; lastKnownFileType = text.plist.xml; path = Info.plist; sourceTree = "<group>"; };
		E7C1CD0026D93A5700A02BB9 /* URLHTTPClientTests.swift */ = {isa = PBXFileReference; lastKnownFileType = sourcecode.swift; path = URLHTTPClientTests.swift; sourceTree = "<group>"; };
		E7F28B8226CA6F570076A9DF /* LoadFeedFromRemoteUseCaseTests.swift */ = {isa = PBXFileReference; lastKnownFileType = sourcecode.swift; path = LoadFeedFromRemoteUseCaseTests.swift; sourceTree = "<group>"; };
		E7FB79BF26D59C7E00213A2A /* HTTPClient.swift */ = {isa = PBXFileReference; lastKnownFileType = sourcecode.swift; path = HTTPClient.swift; sourceTree = "<group>"; };
		E7FB79C326D59CF700213A2A /* FeedItemsMapper.swift */ = {isa = PBXFileReference; lastKnownFileType = sourcecode.swift; path = FeedItemsMapper.swift; sourceTree = "<group>"; };
/* End PBXFileReference section */

/* Begin PBXFrameworksBuildPhase section */
		E71D3D1626C577C900189843 /* Frameworks */ = {
			isa = PBXFrameworksBuildPhase;
			buildActionMask = 2147483647;
			files = (
			);
			runOnlyForDeploymentPostprocessing = 0;
		};
		E71D3D1F26C577C900189843 /* Frameworks */ = {
			isa = PBXFrameworksBuildPhase;
			buildActionMask = 2147483647;
			files = (
				E71D3D2326C577C900189843 /* EssentialFeed.framework in Frameworks */,
			);
			runOnlyForDeploymentPostprocessing = 0;
		};
		E7B67A1226E1096B00B78007 /* Frameworks */ = {
			isa = PBXFrameworksBuildPhase;
			buildActionMask = 2147483647;
			files = (
				E7B67A1A26E1096B00B78007 /* EssentialFeed.framework in Frameworks */,
			);
			runOnlyForDeploymentPostprocessing = 0;
		};
/* End PBXFrameworksBuildPhase section */

/* Begin PBXGroup section */
		E716274526ECE6670051B61F /* Feed Cache */ = {
			isa = PBXGroup;
			children = (
				E716274626ECE6A20051B61F /* CacheFeedUseCaseTests.swift */,
			);
			path = "Feed Cache";
			sourceTree = "<group>";
		};
		E71D3D0F26C577C800189843 = {
			isa = PBXGroup;
			children = (
				E71D3D1B26C577C900189843 /* EssentialFeed */,
				E71D3D2626C577C900189843 /* EssentialFeedTests */,
				E7B67A1626E1096B00B78007 /* EssentialFeedAPIEndToEndTests */,
				E71D3D1A26C577C900189843 /* Products */,
			);
			sourceTree = "<group>";
		};
		E71D3D1A26C577C900189843 /* Products */ = {
			isa = PBXGroup;
			children = (
				E71D3D1926C577C900189843 /* EssentialFeed.framework */,
				E71D3D2226C577C900189843 /* EssentialFeedTests.xctest */,
				E7B67A1526E1096B00B78007 /* EssentialFeedAPIEndToEndTests.xctest */,
			);
			name = Products;
			sourceTree = "<group>";
		};
		E71D3D1B26C577C900189843 /* EssentialFeed */ = {
			isa = PBXGroup;
			children = (
				E7846EF326EF917000C96A98 /* Feed Cahce */,
				E72D05A126CD368F002146D9 /* Feed API */,
				E71D3D1C26C577C900189843 /* EssentialFeed.h */,
				E71D3D1D26C577C900189843 /* Info.plist */,
				E71D3D3526C577EB00189843 /* FeedItem.swift */,
				E71D3D3926C578A400189843 /* FeedLoader.swift */,
			);
			path = EssentialFeed;
			sourceTree = "<group>";
		};
		E71D3D2626C577C900189843 /* EssentialFeedTests */ = {
			isa = PBXGroup;
			children = (
				E71D3D2926C577C900189843 /* Info.plist */,
				E7750BC126DE34DC00A4184A /* Helpers */,
				E7FB79C726D5A61B00213A2A /* Feed API */,
				E716274526ECE6670051B61F /* Feed Cache */,
			);
			path = EssentialFeedTests;
			sourceTree = "<group>";
		};
		E72D05A126CD368F002146D9 /* Feed API */ = {
			isa = PBXGroup;
			children = (
				E72D05A226CD36B0002146D9 /* RemoteFeedLoader.swift */,
				E7FB79BF26D59C7E00213A2A /* HTTPClient.swift */,
				E7FB79C326D59CF700213A2A /* FeedItemsMapper.swift */,
				E7750BCE26DEABDB00A4184A /* URLSessionHTTPClient.swift */,
				E737D9F226F104ED00F5DA09 /* RemoteFeedItem.swift */,
			);
			path = "Feed API";
			sourceTree = "<group>";
		};
		E7750BC126DE34DC00A4184A /* Helpers */ = {
			isa = PBXGroup;
			children = (
				E7750BC826DE351A00A4184A /* XCTestCase+MemoryLeakTracking.swift */,
			);
			path = Helpers;
			sourceTree = "<group>";
		};
		E7846EF326EF917000C96A98 /* Feed Cahce */ = {
			isa = PBXGroup;
			children = (
				E7846EF426EF918F00C96A98 /* LocalFeedLoader.swift */,
				E7846EF926EF924000C96A98 /* FeedStore.swift */,
			);
			path = "Feed Cahce";
			sourceTree = "<group>";
		};
		E7B67A1626E1096B00B78007 /* EssentialFeedAPIEndToEndTests */ = {
			isa = PBXGroup;
			children = (
				E7B67A1726E1096B00B78007 /* EssentialFeedAPIEndToEndTests.swift */,
				E7B67A1926E1096B00B78007 /* Info.plist */,
			);
			path = EssentialFeedAPIEndToEndTests;
			sourceTree = "<group>";
		};
		E7FB79C726D5A61B00213A2A /* Feed API */ = {
			isa = PBXGroup;
			children = (
				E7F28B8226CA6F570076A9DF /* LoadFeedFromRemoteUseCaseTests.swift */,
				E7C1CD0026D93A5700A02BB9 /* URLHTTPClientTests.swift */,
			);
			path = "Feed API";
			sourceTree = "<group>";
		};
/* End PBXGroup section */

/* Begin PBXHeadersBuildPhase section */
		E71D3D1426C577C900189843 /* Headers */ = {
			isa = PBXHeadersBuildPhase;
			buildActionMask = 2147483647;
			files = (
				E71D3D2A26C577C900189843 /* EssentialFeed.h in Headers */,
			);
			runOnlyForDeploymentPostprocessing = 0;
		};
/* End PBXHeadersBuildPhase section */

/* Begin PBXNativeTarget section */
		E71D3D1826C577C900189843 /* EssentialFeed */ = {
			isa = PBXNativeTarget;
			buildConfigurationList = E71D3D2D26C577C900189843 /* Build configuration list for PBXNativeTarget "EssentialFeed" */;
			buildPhases = (
				E71D3D1426C577C900189843 /* Headers */,
				E71D3D1526C577C900189843 /* Sources */,
				E71D3D1626C577C900189843 /* Frameworks */,
				E71D3D1726C577C900189843 /* Resources */,
			);
			buildRules = (
			);
			dependencies = (
			);
			name = EssentialFeed;
			productName = EssentialFeed;
			productReference = E71D3D1926C577C900189843 /* EssentialFeed.framework */;
			productType = "com.apple.product-type.framework";
		};
		E71D3D2126C577C900189843 /* EssentialFeedTests */ = {
			isa = PBXNativeTarget;
			buildConfigurationList = E71D3D3026C577C900189843 /* Build configuration list for PBXNativeTarget "EssentialFeedTests" */;
			buildPhases = (
				E71D3D1E26C577C900189843 /* Sources */,
				E71D3D1F26C577C900189843 /* Frameworks */,
				E71D3D2026C577C900189843 /* Resources */,
			);
			buildRules = (
			);
			dependencies = (
				E71D3D2526C577C900189843 /* PBXTargetDependency */,
			);
			name = EssentialFeedTests;
			productName = EssentialFeedTests;
			productReference = E71D3D2226C577C900189843 /* EssentialFeedTests.xctest */;
			productType = "com.apple.product-type.bundle.unit-test";
		};
		E7B67A1426E1096B00B78007 /* EssentialFeedAPIEndToEndTests */ = {
			isa = PBXNativeTarget;
			buildConfigurationList = E7B67A1F26E1096B00B78007 /* Build configuration list for PBXNativeTarget "EssentialFeedAPIEndToEndTests" */;
			buildPhases = (
				E7B67A1126E1096B00B78007 /* Sources */,
				E7B67A1226E1096B00B78007 /* Frameworks */,
				E7B67A1326E1096B00B78007 /* Resources */,
			);
			buildRules = (
			);
			dependencies = (
				E7B67A1C26E1096B00B78007 /* PBXTargetDependency */,
			);
			name = EssentialFeedAPIEndToEndTests;
			productName = EssentialFeedAPIEndToEndTests;
			productReference = E7B67A1526E1096B00B78007 /* EssentialFeedAPIEndToEndTests.xctest */;
			productType = "com.apple.product-type.bundle.unit-test";
		};
/* End PBXNativeTarget section */

/* Begin PBXProject section */
		E71D3D1026C577C800189843 /* Project object */ = {
			isa = PBXProject;
			attributes = {
				LastSwiftUpdateCheck = 1240;
				LastUpgradeCheck = 1240;
				TargetAttributes = {
					E71D3D1826C577C900189843 = {
						CreatedOnToolsVersion = 12.4;
						LastSwiftMigration = 1240;
					};
					E71D3D2126C577C900189843 = {
						CreatedOnToolsVersion = 12.4;
						LastSwiftMigration = 1240;
					};
					E7B67A1426E1096B00B78007 = {
						CreatedOnToolsVersion = 12.4;
					};
				};
			};
			buildConfigurationList = E71D3D1326C577C800189843 /* Build configuration list for PBXProject "EssentialFeed" */;
			compatibilityVersion = "Xcode 9.3";
			developmentRegion = en;
			hasScannedForEncodings = 0;
			knownRegions = (
				en,
				Base,
			);
			mainGroup = E71D3D0F26C577C800189843;
			productRefGroup = E71D3D1A26C577C900189843 /* Products */;
			projectDirPath = "";
			projectRoot = "";
			targets = (
				E71D3D1826C577C900189843 /* EssentialFeed */,
				E71D3D2126C577C900189843 /* EssentialFeedTests */,
				E7B67A1426E1096B00B78007 /* EssentialFeedAPIEndToEndTests */,
			);
		};
/* End PBXProject section */

/* Begin PBXResourcesBuildPhase section */
		E71D3D1726C577C900189843 /* Resources */ = {
			isa = PBXResourcesBuildPhase;
			buildActionMask = 2147483647;
			files = (
			);
			runOnlyForDeploymentPostprocessing = 0;
		};
		E71D3D2026C577C900189843 /* Resources */ = {
			isa = PBXResourcesBuildPhase;
			buildActionMask = 2147483647;
			files = (
			);
			runOnlyForDeploymentPostprocessing = 0;
		};
		E7B67A1326E1096B00B78007 /* Resources */ = {
			isa = PBXResourcesBuildPhase;
			buildActionMask = 2147483647;
			files = (
			);
			runOnlyForDeploymentPostprocessing = 0;
		};
/* End PBXResourcesBuildPhase section */

/* Begin PBXSourcesBuildPhase section */
		E71D3D1526C577C900189843 /* Sources */ = {
			isa = PBXSourcesBuildPhase;
			buildActionMask = 2147483647;
			files = (
				E7FB79C426D59CF700213A2A /* FeedItemsMapper.swift in Sources */,
				E71D3D3A26C578A400189843 /* FeedLoader.swift in Sources */,
				E72D05A326CD36B0002146D9 /* RemoteFeedLoader.swift in Sources */,
				E737D9F326F104ED00F5DA09 /* RemoteFeedItem.swift in Sources */,
				E7846EFA26EF924000C96A98 /* FeedStore.swift in Sources */,
				E7846EF526EF918F00C96A98 /* LocalFeedLoader.swift in Sources */,
				E7FB79C026D59C7E00213A2A /* HTTPClient.swift in Sources */,
				E71D3D3626C577EB00189843 /* FeedItem.swift in Sources */,
				E7750BCF26DEABDB00A4184A /* URLSessionHTTPClient.swift in Sources */,
			);
			runOnlyForDeploymentPostprocessing = 0;
		};
		E71D3D1E26C577C900189843 /* Sources */ = {
			isa = PBXSourcesBuildPhase;
			buildActionMask = 2147483647;
			files = (
				E7C1CD0126D93A5700A02BB9 /* URLHTTPClientTests.swift in Sources */,
				E7750BC926DE351A00A4184A /* XCTestCase+MemoryLeakTracking.swift in Sources */,
				E716274726ECE6A20051B61F /* CacheFeedUseCaseTests.swift in Sources */,
				E7F28B8326CA6F570076A9DF /* LoadFeedFromRemoteUseCaseTests.swift in Sources */,
			);
			runOnlyForDeploymentPostprocessing = 0;
		};
		E7B67A1126E1096B00B78007 /* Sources */ = {
			isa = PBXSourcesBuildPhase;
			buildActionMask = 2147483647;
			files = (
				E7B67A1826E1096B00B78007 /* EssentialFeedAPIEndToEndTests.swift in Sources */,
				E7B67A2326E10FD800B78007 /* XCTestCase+MemoryLeakTracking.swift in Sources */,
			);
			runOnlyForDeploymentPostprocessing = 0;
		};
/* End PBXSourcesBuildPhase section */

/* Begin PBXTargetDependency section */
		E71D3D2526C577C900189843 /* PBXTargetDependency */ = {
			isa = PBXTargetDependency;
			target = E71D3D1826C577C900189843 /* EssentialFeed */;
			targetProxy = E71D3D2426C577C900189843 /* PBXContainerItemProxy */;
		};
		E7B67A1C26E1096B00B78007 /* PBXTargetDependency */ = {
			isa = PBXTargetDependency;
			target = E71D3D1826C577C900189843 /* EssentialFeed */;
			targetProxy = E7B67A1B26E1096B00B78007 /* PBXContainerItemProxy */;
		};
/* End PBXTargetDependency section */

/* Begin XCBuildConfiguration section */
		E71D3D2B26C577C900189843 /* Debug */ = {
			isa = XCBuildConfiguration;
			buildSettings = {
				ALWAYS_SEARCH_USER_PATHS = NO;
				CLANG_ANALYZER_NONNULL = YES;
				CLANG_ANALYZER_NUMBER_OBJECT_CONVERSION = YES_AGGRESSIVE;
				CLANG_CXX_LANGUAGE_STANDARD = "gnu++14";
				CLANG_CXX_LIBRARY = "libc++";
				CLANG_ENABLE_MODULES = YES;
				CLANG_ENABLE_OBJC_ARC = YES;
				CLANG_ENABLE_OBJC_WEAK = YES;
				CLANG_WARN_BLOCK_CAPTURE_AUTORELEASING = YES;
				CLANG_WARN_BOOL_CONVERSION = YES;
				CLANG_WARN_COMMA = YES;
				CLANG_WARN_CONSTANT_CONVERSION = YES;
				CLANG_WARN_DEPRECATED_OBJC_IMPLEMENTATIONS = YES;
				CLANG_WARN_DIRECT_OBJC_ISA_USAGE = YES_ERROR;
				CLANG_WARN_DOCUMENTATION_COMMENTS = YES;
				CLANG_WARN_EMPTY_BODY = YES;
				CLANG_WARN_ENUM_CONVERSION = YES;
				CLANG_WARN_INFINITE_RECURSION = YES;
				CLANG_WARN_INT_CONVERSION = YES;
				CLANG_WARN_NON_LITERAL_NULL_CONVERSION = YES;
				CLANG_WARN_OBJC_IMPLICIT_RETAIN_SELF = YES;
				CLANG_WARN_OBJC_LITERAL_CONVERSION = YES;
				CLANG_WARN_OBJC_ROOT_CLASS = YES_ERROR;
				CLANG_WARN_QUOTED_INCLUDE_IN_FRAMEWORK_HEADER = YES;
				CLANG_WARN_RANGE_LOOP_ANALYSIS = YES;
				CLANG_WARN_STRICT_PROTOTYPES = YES;
				CLANG_WARN_SUSPICIOUS_MOVE = YES;
				CLANG_WARN_UNGUARDED_AVAILABILITY = YES_AGGRESSIVE;
				CLANG_WARN_UNREACHABLE_CODE = YES;
				CLANG_WARN__DUPLICATE_METHOD_MATCH = YES;
				COPY_PHASE_STRIP = NO;
				CURRENT_PROJECT_VERSION = 1;
				DEBUG_INFORMATION_FORMAT = dwarf;
				ENABLE_STRICT_OBJC_MSGSEND = YES;
				ENABLE_TESTABILITY = YES;
				GCC_C_LANGUAGE_STANDARD = gnu11;
				GCC_DYNAMIC_NO_PIC = NO;
				GCC_NO_COMMON_BLOCKS = YES;
				GCC_OPTIMIZATION_LEVEL = 0;
				GCC_PREPROCESSOR_DEFINITIONS = (
					"DEBUG=1",
					"$(inherited)",
				);
				GCC_WARN_64_TO_32_BIT_CONVERSION = YES;
				GCC_WARN_ABOUT_RETURN_TYPE = YES_ERROR;
				GCC_WARN_UNDECLARED_SELECTOR = YES;
				GCC_WARN_UNINITIALIZED_AUTOS = YES_AGGRESSIVE;
				GCC_WARN_UNUSED_FUNCTION = YES;
				GCC_WARN_UNUSED_VARIABLE = YES;
				MACOSX_DEPLOYMENT_TARGET = 10.15;
				MTL_ENABLE_DEBUG_INFO = INCLUDE_SOURCE;
				MTL_FAST_MATH = YES;
				ONLY_ACTIVE_ARCH = YES;
				SDKROOT = macosx;
				SWIFT_ACTIVE_COMPILATION_CONDITIONS = DEBUG;
				SWIFT_OPTIMIZATION_LEVEL = "-Onone";
				VERSIONING_SYSTEM = "apple-generic";
				VERSION_INFO_PREFIX = "";
			};
			name = Debug;
		};
		E71D3D2C26C577C900189843 /* Release */ = {
			isa = XCBuildConfiguration;
			buildSettings = {
				ALWAYS_SEARCH_USER_PATHS = NO;
				CLANG_ANALYZER_NONNULL = YES;
				CLANG_ANALYZER_NUMBER_OBJECT_CONVERSION = YES_AGGRESSIVE;
				CLANG_CXX_LANGUAGE_STANDARD = "gnu++14";
				CLANG_CXX_LIBRARY = "libc++";
				CLANG_ENABLE_MODULES = YES;
				CLANG_ENABLE_OBJC_ARC = YES;
				CLANG_ENABLE_OBJC_WEAK = YES;
				CLANG_WARN_BLOCK_CAPTURE_AUTORELEASING = YES;
				CLANG_WARN_BOOL_CONVERSION = YES;
				CLANG_WARN_COMMA = YES;
				CLANG_WARN_CONSTANT_CONVERSION = YES;
				CLANG_WARN_DEPRECATED_OBJC_IMPLEMENTATIONS = YES;
				CLANG_WARN_DIRECT_OBJC_ISA_USAGE = YES_ERROR;
				CLANG_WARN_DOCUMENTATION_COMMENTS = YES;
				CLANG_WARN_EMPTY_BODY = YES;
				CLANG_WARN_ENUM_CONVERSION = YES;
				CLANG_WARN_INFINITE_RECURSION = YES;
				CLANG_WARN_INT_CONVERSION = YES;
				CLANG_WARN_NON_LITERAL_NULL_CONVERSION = YES;
				CLANG_WARN_OBJC_IMPLICIT_RETAIN_SELF = YES;
				CLANG_WARN_OBJC_LITERAL_CONVERSION = YES;
				CLANG_WARN_OBJC_ROOT_CLASS = YES_ERROR;
				CLANG_WARN_QUOTED_INCLUDE_IN_FRAMEWORK_HEADER = YES;
				CLANG_WARN_RANGE_LOOP_ANALYSIS = YES;
				CLANG_WARN_STRICT_PROTOTYPES = YES;
				CLANG_WARN_SUSPICIOUS_MOVE = YES;
				CLANG_WARN_UNGUARDED_AVAILABILITY = YES_AGGRESSIVE;
				CLANG_WARN_UNREACHABLE_CODE = YES;
				CLANG_WARN__DUPLICATE_METHOD_MATCH = YES;
				COPY_PHASE_STRIP = NO;
				CURRENT_PROJECT_VERSION = 1;
				DEBUG_INFORMATION_FORMAT = "dwarf-with-dsym";
				ENABLE_NS_ASSERTIONS = NO;
				ENABLE_STRICT_OBJC_MSGSEND = YES;
				GCC_C_LANGUAGE_STANDARD = gnu11;
				GCC_NO_COMMON_BLOCKS = YES;
				GCC_WARN_64_TO_32_BIT_CONVERSION = YES;
				GCC_WARN_ABOUT_RETURN_TYPE = YES_ERROR;
				GCC_WARN_UNDECLARED_SELECTOR = YES;
				GCC_WARN_UNINITIALIZED_AUTOS = YES_AGGRESSIVE;
				GCC_WARN_UNUSED_FUNCTION = YES;
				GCC_WARN_UNUSED_VARIABLE = YES;
				MACOSX_DEPLOYMENT_TARGET = 10.15;
				MTL_ENABLE_DEBUG_INFO = NO;
				MTL_FAST_MATH = YES;
				SDKROOT = macosx;
				SWIFT_COMPILATION_MODE = wholemodule;
				SWIFT_OPTIMIZATION_LEVEL = "-O";
				VERSIONING_SYSTEM = "apple-generic";
				VERSION_INFO_PREFIX = "";
			};
			name = Release;
		};
		E71D3D2E26C577C900189843 /* Debug */ = {
			isa = XCBuildConfiguration;
			buildSettings = {
				CLANG_ENABLE_MODULES = YES;
				CODE_SIGN_STYLE = Automatic;
				COMBINE_HIDPI_IMAGES = YES;
				DEFINES_MODULE = YES;
				DYLIB_COMPATIBILITY_VERSION = 1;
				DYLIB_CURRENT_VERSION = 1;
				DYLIB_INSTALL_NAME_BASE = "@rpath";
				INFOPLIST_FILE = EssentialFeed/Info.plist;
				INSTALL_PATH = "$(LOCAL_LIBRARY_DIR)/Frameworks";
				LD_RUNPATH_SEARCH_PATHS = (
					"$(inherited)",
					"@executable_path/../Frameworks",
					"@loader_path/Frameworks",
				);
				PRODUCT_BUNDLE_IDENTIFIER = com.zip520123.EssentialFeed;
				PRODUCT_NAME = "$(TARGET_NAME:c99extidentifier)";
				SKIP_INSTALL = YES;
				SWIFT_OPTIMIZATION_LEVEL = "-Onone";
				SWIFT_VERSION = 5.0;
			};
			name = Debug;
		};
		E71D3D2F26C577C900189843 /* Release */ = {
			isa = XCBuildConfiguration;
			buildSettings = {
				CLANG_ENABLE_MODULES = YES;
				CODE_SIGN_STYLE = Automatic;
				COMBINE_HIDPI_IMAGES = YES;
				DEFINES_MODULE = YES;
				DYLIB_COMPATIBILITY_VERSION = 1;
				DYLIB_CURRENT_VERSION = 1;
				DYLIB_INSTALL_NAME_BASE = "@rpath";
				INFOPLIST_FILE = EssentialFeed/Info.plist;
				INSTALL_PATH = "$(LOCAL_LIBRARY_DIR)/Frameworks";
				LD_RUNPATH_SEARCH_PATHS = (
					"$(inherited)",
					"@executable_path/../Frameworks",
					"@loader_path/Frameworks",
				);
				PRODUCT_BUNDLE_IDENTIFIER = com.zip520123.EssentialFeed;
				PRODUCT_NAME = "$(TARGET_NAME:c99extidentifier)";
				SKIP_INSTALL = YES;
				SWIFT_VERSION = 5.0;
			};
			name = Release;
		};
		E71D3D3126C577C900189843 /* Debug */ = {
			isa = XCBuildConfiguration;
			buildSettings = {
				ALWAYS_EMBED_SWIFT_STANDARD_LIBRARIES = YES;
				CLANG_ENABLE_MODULES = YES;
				CODE_SIGN_STYLE = Automatic;
				COMBINE_HIDPI_IMAGES = YES;
				INFOPLIST_FILE = EssentialFeedTests/Info.plist;
				LD_RUNPATH_SEARCH_PATHS = (
					"$(inherited)",
					"@executable_path/../Frameworks",
					"@loader_path/../Frameworks",
				);
				PRODUCT_BUNDLE_IDENTIFIER = com.zip520123.EssentialFeedTests;
				PRODUCT_NAME = "$(TARGET_NAME)";
				SWIFT_OPTIMIZATION_LEVEL = "-Onone";
				SWIFT_VERSION = 5.0;
			};
			name = Debug;
		};
		E71D3D3226C577C900189843 /* Release */ = {
			isa = XCBuildConfiguration;
			buildSettings = {
				ALWAYS_EMBED_SWIFT_STANDARD_LIBRARIES = YES;
				CLANG_ENABLE_MODULES = YES;
				CODE_SIGN_STYLE = Automatic;
				COMBINE_HIDPI_IMAGES = YES;
				INFOPLIST_FILE = EssentialFeedTests/Info.plist;
				LD_RUNPATH_SEARCH_PATHS = (
					"$(inherited)",
					"@executable_path/../Frameworks",
					"@loader_path/../Frameworks",
				);
				PRODUCT_BUNDLE_IDENTIFIER = com.zip520123.EssentialFeedTests;
				PRODUCT_NAME = "$(TARGET_NAME)";
				SWIFT_VERSION = 5.0;
			};
			name = Release;
		};
		E7B67A1D26E1096B00B78007 /* Debug */ = {
			isa = XCBuildConfiguration;
			buildSettings = {
				CODE_SIGN_STYLE = Automatic;
				COMBINE_HIDPI_IMAGES = YES;
				INFOPLIST_FILE = EssentialFeedAPIEndToEndTests/Info.plist;
				LD_RUNPATH_SEARCH_PATHS = (
					"$(inherited)",
					"@executable_path/../Frameworks",
					"@loader_path/../Frameworks",
				);
				PRODUCT_BUNDLE_IDENTIFIER = com.zip520123.EssentialFeedAPIEndToEndTests;
				PRODUCT_NAME = "$(TARGET_NAME)";
				SWIFT_VERSION = 5.0;
			};
			name = Debug;
		};
		E7B67A1E26E1096B00B78007 /* Release */ = {
			isa = XCBuildConfiguration;
			buildSettings = {
				CODE_SIGN_STYLE = Automatic;
				COMBINE_HIDPI_IMAGES = YES;
				INFOPLIST_FILE = EssentialFeedAPIEndToEndTests/Info.plist;
				LD_RUNPATH_SEARCH_PATHS = (
					"$(inherited)",
					"@executable_path/../Frameworks",
					"@loader_path/../Frameworks",
				);
				PRODUCT_BUNDLE_IDENTIFIER = com.zip520123.EssentialFeedAPIEndToEndTests;
				PRODUCT_NAME = "$(TARGET_NAME)";
				SWIFT_VERSION = 5.0;
			};
			name = Release;
		};
/* End XCBuildConfiguration section */

/* Begin XCConfigurationList section */
		E71D3D1326C577C800189843 /* Build configuration list for PBXProject "EssentialFeed" */ = {
			isa = XCConfigurationList;
			buildConfigurations = (
				E71D3D2B26C577C900189843 /* Debug */,
				E71D3D2C26C577C900189843 /* Release */,
			);
			defaultConfigurationIsVisible = 0;
			defaultConfigurationName = Release;
		};
		E71D3D2D26C577C900189843 /* Build configuration list for PBXNativeTarget "EssentialFeed" */ = {
			isa = XCConfigurationList;
			buildConfigurations = (
				E71D3D2E26C577C900189843 /* Debug */,
				E71D3D2F26C577C900189843 /* Release */,
			);
			defaultConfigurationIsVisible = 0;
			defaultConfigurationName = Release;
		};
		E71D3D3026C577C900189843 /* Build configuration list for PBXNativeTarget "EssentialFeedTests" */ = {
			isa = XCConfigurationList;
			buildConfigurations = (
				E71D3D3126C577C900189843 /* Debug */,
				E71D3D3226C577C900189843 /* Release */,
			);
			defaultConfigurationIsVisible = 0;
			defaultConfigurationName = Release;
		};
		E7B67A1F26E1096B00B78007 /* Build configuration list for PBXNativeTarget "EssentialFeedAPIEndToEndTests" */ = {
			isa = XCConfigurationList;
			buildConfigurations = (
				E7B67A1D26E1096B00B78007 /* Debug */,
				E7B67A1E26E1096B00B78007 /* Release */,
			);
			defaultConfigurationIsVisible = 0;
			defaultConfigurationName = Release;
		};
/* End XCConfigurationList section */
	};
	rootObject = E71D3D1026C577C800189843 /* Project object */;
}
